// !$*UTF8*$!
{
	archiveVersion = 1;
	classes = {
	};
	objectVersion = 50;
	objects = {

/* Begin PBXBuildFile section */
		57756AFD21421151007A9B02 /* XYZQRScanView.m in Sources */ = {isa = PBXBuildFile; fileRef = 57756AFC21421151007A9B02 /* XYZQRScanView.m */; };
		57756B002142130F007A9B02 /* XYShowScanViewController.m in Sources */ = {isa = PBXBuildFile; fileRef = 57756AFF2142130F007A9B02 /* XYShowScanViewController.m */; };
		57756B14214221FE007A9B02 /* RXResultPersonCell.xib in Resources */ = {isa = PBXBuildFile; fileRef = 57756B0E214221FD007A9B02 /* RXResultPersonCell.xib */; };
		57756B15214221FE007A9B02 /* RXResultInfoCell.m in Sources */ = {isa = PBXBuildFile; fileRef = 57756B11214221FE007A9B02 /* RXResultInfoCell.m */; };
		57756B16214221FE007A9B02 /* RXResultPersonCell.m in Sources */ = {isa = PBXBuildFile; fileRef = 57756B12214221FE007A9B02 /* RXResultPersonCell.m */; };
		57756B17214221FE007A9B02 /* RXResultInfoCell.xib in Resources */ = {isa = PBXBuildFile; fileRef = 57756B13214221FE007A9B02 /* RXResultInfoCell.xib */; };
		57756B5421425B53007A9B02 /* RippleAnimationView.m in Sources */ = {isa = PBXBuildFile; fileRef = 57756B5321425B52007A9B02 /* RippleAnimationView.m */; };
		57842A272140BA39006DF676 /* XYScanMainViewController.m in Sources */ = {isa = PBXBuildFile; fileRef = 57842A262140BA39006DF676 /* XYScanMainViewController.m */; };
		57842A2A2140BA4C006DF676 /* XYMineMainViewController.m in Sources */ = {isa = PBXBuildFile; fileRef = 57842A292140BA4C006DF676 /* XYMineMainViewController.m */; };
		57842A302140BB0E006DF676 /* XYNavigationViewController.m in Sources */ = {isa = PBXBuildFile; fileRef = 57842A2C2140BB0E006DF676 /* XYNavigationViewController.m */; };
		57842A312140BB0E006DF676 /* XYTabBarController.m in Sources */ = {isa = PBXBuildFile; fileRef = 57842A2E2140BB0E006DF676 /* XYTabBarController.m */; };
		57842A352140BB53006DF676 /* UIImage+XYColorString.m in Sources */ = {isa = PBXBuildFile; fileRef = 57842A342140BB53006DF676 /* UIImage+XYColorString.m */; };
		57842A382140BB67006DF676 /* ColorUtils.m in Sources */ = {isa = PBXBuildFile; fileRef = 57842A362140BB66006DF676 /* ColorUtils.m */; };
		8B223ECE213D638E007B8344 /* AppDelegate.m in Sources */ = {isa = PBXBuildFile; fileRef = 8B223ECD213D638E007B8344 /* AppDelegate.m */; };
		8B223ED4213D638E007B8344 /* Main.storyboard in Resources */ = {isa = PBXBuildFile; fileRef = 8B223ED2213D638E007B8344 /* Main.storyboard */; };
		8B223ED6213D6391007B8344 /* Assets.xcassets in Resources */ = {isa = PBXBuildFile; fileRef = 8B223ED5213D6391007B8344 /* Assets.xcassets */; };
		8B223ED9213D6391007B8344 /* LaunchScreen.storyboard in Resources */ = {isa = PBXBuildFile; fileRef = 8B223ED7213D6391007B8344 /* LaunchScreen.storyboard */; };
		8B223EDC213D6391007B8344 /* main.m in Sources */ = {isa = PBXBuildFile; fileRef = 8B223EDB213D6391007B8344 /* main.m */; };
		8B223EE6213D6391007B8344 /* RenZhenMaTests.m in Sources */ = {isa = PBXBuildFile; fileRef = 8B223EE5213D6391007B8344 /* RenZhenMaTests.m */; };
		8B223EF1213D6391007B8344 /* RenZhenMaUITests.m in Sources */ = {isa = PBXBuildFile; fileRef = 8B223EF0213D6391007B8344 /* RenZhenMaUITests.m */; };
		8BD8B7AA2144AE72005937C4 /* XYNormalWebViewController.m in Sources */ = {isa = PBXBuildFile; fileRef = 8BD8B7A92144AE72005937C4 /* XYNormalWebViewController.m */; };
		8BD8B7B02144C835005937C4 /* UIView+HHAddition.m in Sources */ = {isa = PBXBuildFile; fileRef = 8BD8B7AE2144C835005937C4 /* UIView+HHAddition.m */; };
		8BD8B7B12144C835005937C4 /* MarqueeView.m in Sources */ = {isa = PBXBuildFile; fileRef = 8BD8B7AF2144C835005937C4 /* MarqueeView.m */; };
		8BD8B7B42144D6D5005937C4 /* XYNotificationViewController.m in Sources */ = {isa = PBXBuildFile; fileRef = 8BD8B7B32144D6D5005937C4 /* XYNotificationViewController.m */; };
		8BD8B7B72144D74F005937C4 /* XYNotificationModel.m in Sources */ = {isa = PBXBuildFile; fileRef = 8BD8B7B62144D74F005937C4 /* XYNotificationModel.m */; };
		BB51024A52E190CCBF05BAC5 /* libPods-RenZhenMa.a in Frameworks */ = {isa = PBXBuildFile; fileRef = 82B66C0E8A022D68D174389A /* libPods-RenZhenMa.a */; };
		BC21DC892141FD410065E371 /* RXLoginViewController.m in Sources */ = {isa = PBXBuildFile; fileRef = BC21DC882141FD410065E371 /* RXLoginViewController.m */; };
		BC21DC8F214203870065E371 /* RXScanCodeViewController.m in Sources */ = {isa = PBXBuildFile; fileRef = BC21DC8E214203870065E371 /* RXScanCodeViewController.m */; };
		BC21DC92214204B20065E371 /* RXWarningViewController.m in Sources */ = {isa = PBXBuildFile; fileRef = BC21DC91214204B20065E371 /* RXWarningViewController.m */; };
		BC21DC95214206640065E371 /* RXQueryResultViewController.m in Sources */ = {isa = PBXBuildFile; fileRef = BC21DC94214206640065E371 /* RXQueryResultViewController.m */; };
		BC3460DA21411CF20059E38F /* RXScanRecordModel.m in Sources */ = {isa = PBXBuildFile; fileRef = BC3460D921411CF20059E38F /* RXScanRecordModel.m */; };
		BC3460DD21411E580059E38F /* RXFeedRecordModel.m in Sources */ = {isa = PBXBuildFile; fileRef = BC3460DC21411E580059E38F /* RXFeedRecordModel.m */; };
		BC3A13612140CEDB002F450C /* MineTableViewCell.m in Sources */ = {isa = PBXBuildFile; fileRef = BC3A13602140CEDB002F450C /* MineTableViewCell.m */; };
		BC3A13652140FFBD002F450C /* RXScanRecordViewController.m in Sources */ = {isa = PBXBuildFile; fileRef = BC3A13642140FFBD002F450C /* RXScanRecordViewController.m */; };
		BC3A136821410008002F450C /* RXFeedRecordViewController.m in Sources */ = {isa = PBXBuildFile; fileRef = BC3A136721410008002F450C /* RXFeedRecordViewController.m */; };
		BC3A136B2141003D002F450C /* RXIdeaFeedbackViewController.m in Sources */ = {isa = PBXBuildFile; fileRef = BC3A136A2141003D002F450C /* RXIdeaFeedbackViewController.m */; };
		BC3A136E2141004F002F450C /* RXSettingViewController.m in Sources */ = {isa = PBXBuildFile; fileRef = BC3A136D2141004F002F450C /* RXSettingViewController.m */; };
		BC3A1371214104E2002F450C /* RXAboutsViewController.m in Sources */ = {isa = PBXBuildFile; fileRef = BC3A1370214104E2002F450C /* RXAboutsViewController.m */; };
		BC3A137521410D84002F450C /* RXFeedRecordCell.m in Sources */ = {isa = PBXBuildFile; fileRef = BC3A137321410D84002F450C /* RXFeedRecordCell.m */; };
		BC3A137621410D84002F450C /* RXFeedRecordCell.xib in Resources */ = {isa = PBXBuildFile; fileRef = BC3A137421410D84002F450C /* RXFeedRecordCell.xib */; };
		BC3A137A21411567002F450C /* RXScanRecord.m in Sources */ = {isa = PBXBuildFile; fileRef = BC3A137821411567002F450C /* RXScanRecord.m */; };
		BC3A137B21411567002F450C /* RXScanRecord.xib in Resources */ = {isa = PBXBuildFile; fileRef = BC3A137921411567002F450C /* RXScanRecord.xib */; };
		BCDFAC712144DC380096ABB6 /* RXLocationManager.m in Sources */ = {isa = PBXBuildFile; fileRef = BCDFAC702144DC380096ABB6 /* RXLocationManager.m */; };
		BCFA4B91214357A4000E6ACB /* XYUserInfoManager.m in Sources */ = {isa = PBXBuildFile; fileRef = BCFA4B90214357A4000E6ACB /* XYUserInfoManager.m */; };
		BCFA4B9421435806000E6ACB /* XYUserInfoModel.m in Sources */ = {isa = PBXBuildFile; fileRef = BCFA4B9321435806000E6ACB /* XYUserInfoModel.m */; };
		BCFA4B9B21435F36000E6ACB /* XYNetworkManager.m in Sources */ = {isa = PBXBuildFile; fileRef = BCFA4B9A21435F36000E6ACB /* XYNetworkManager.m */; };
		BCFA4BA12143752C000E6ACB /* NSString+MD5.m in Sources */ = {isa = PBXBuildFile; fileRef = BCFA4BA02143752C000E6ACB /* NSString+MD5.m */; };
		BCFA4BA52143CD54000E6ACB /* XYProductInfoModel.m in Sources */ = {isa = PBXBuildFile; fileRef = BCFA4BA42143CD54000E6ACB /* XYProductInfoModel.m */; };
		BCFA4BA82143CD70000E6ACB /* XYGoodModel.m in Sources */ = {isa = PBXBuildFile; fileRef = BCFA4BA72143CD70000E6ACB /* XYGoodModel.m */; };
		BCFA4BAB2143CDBE000E6ACB /* XYGooddDataModel.m in Sources */ = {isa = PBXBuildFile; fileRef = BCFA4BAA2143CDBE000E6ACB /* XYGooddDataModel.m */; };
		BCFA4BAE2143CDF8000E6ACB /* XYScanInfoModel.m in Sources */ = {isa = PBXBuildFile; fileRef = BCFA4BAD2143CDF8000E6ACB /* XYScanInfoModel.m */; };
		BCFA4BB12143F9ED000E6ACB /* XYProgressHUD.m in Sources */ = {isa = PBXBuildFile; fileRef = BCFA4BB02143F9ED000E6ACB /* XYProgressHUD.m */; };
		BCFA4BB4214404EF000E6ACB /* UIButton+CountDown.m in Sources */ = {isa = PBXBuildFile; fileRef = BCFA4BB3214404EF000E6ACB /* UIButton+CountDown.m */; };
/* End PBXBuildFile section */

/* Begin PBXContainerItemProxy section */
		8B223EE2213D6391007B8344 /* PBXContainerItemProxy */ = {
			isa = PBXContainerItemProxy;
			containerPortal = 8B223EC1213D638D007B8344 /* Project object */;
			proxyType = 1;
			remoteGlobalIDString = 8B223EC8213D638D007B8344;
			remoteInfo = RenZhenMa;
		};
		8B223EED213D6391007B8344 /* PBXContainerItemProxy */ = {
			isa = PBXContainerItemProxy;
			containerPortal = 8B223EC1213D638D007B8344 /* Project object */;
			proxyType = 1;
			remoteGlobalIDString = 8B223EC8213D638D007B8344;
			remoteInfo = RenZhenMa;
		};
/* End PBXContainerItemProxy section */

/* Begin PBXFileReference section */
		57756AFB21421151007A9B02 /* XYZQRScanView.h */ = {isa = PBXFileReference; lastKnownFileType = sourcecode.c.h; path = XYZQRScanView.h; sourceTree = "<group>"; };
		57756AFC21421151007A9B02 /* XYZQRScanView.m */ = {isa = PBXFileReference; lastKnownFileType = sourcecode.c.objc; path = XYZQRScanView.m; sourceTree = "<group>"; };
		57756AFE2142130F007A9B02 /* XYShowScanViewController.h */ = {isa = PBXFileReference; lastKnownFileType = sourcecode.c.h; path = XYShowScanViewController.h; sourceTree = "<group>"; };
		57756AFF2142130F007A9B02 /* XYShowScanViewController.m */ = {isa = PBXFileReference; lastKnownFileType = sourcecode.c.objc; path = XYShowScanViewController.m; sourceTree = "<group>"; };
		57756B0E214221FD007A9B02 /* RXResultPersonCell.xib */ = {isa = PBXFileReference; fileEncoding = 4; lastKnownFileType = file.xib; path = RXResultPersonCell.xib; sourceTree = "<group>"; };
		57756B0F214221FD007A9B02 /* RXResultPersonCell.h */ = {isa = PBXFileReference; fileEncoding = 4; lastKnownFileType = sourcecode.c.h; path = RXResultPersonCell.h; sourceTree = "<group>"; };
		57756B10214221FD007A9B02 /* RXResultInfoCell.h */ = {isa = PBXFileReference; fileEncoding = 4; lastKnownFileType = sourcecode.c.h; path = RXResultInfoCell.h; sourceTree = "<group>"; };
		57756B11214221FE007A9B02 /* RXResultInfoCell.m */ = {isa = PBXFileReference; fileEncoding = 4; lastKnownFileType = sourcecode.c.objc; path = RXResultInfoCell.m; sourceTree = "<group>"; };
		57756B12214221FE007A9B02 /* RXResultPersonCell.m */ = {isa = PBXFileReference; fileEncoding = 4; lastKnownFileType = sourcecode.c.objc; path = RXResultPersonCell.m; sourceTree = "<group>"; };
		57756B13214221FE007A9B02 /* RXResultInfoCell.xib */ = {isa = PBXFileReference; fileEncoding = 4; lastKnownFileType = file.xib; path = RXResultInfoCell.xib; sourceTree = "<group>"; };
		57756B5221425B52007A9B02 /* RippleAnimationView.h */ = {isa = PBXFileReference; fileEncoding = 4; lastKnownFileType = sourcecode.c.h; path = RippleAnimationView.h; sourceTree = "<group>"; };
		57756B5321425B52007A9B02 /* RippleAnimationView.m */ = {isa = PBXFileReference; fileEncoding = 4; lastKnownFileType = sourcecode.c.objc; path = RippleAnimationView.m; sourceTree = "<group>"; };
		57842A252140BA39006DF676 /* XYScanMainViewController.h */ = {isa = PBXFileReference; lastKnownFileType = sourcecode.c.h; path = XYScanMainViewController.h; sourceTree = "<group>"; };
		57842A262140BA39006DF676 /* XYScanMainViewController.m */ = {isa = PBXFileReference; lastKnownFileType = sourcecode.c.objc; path = XYScanMainViewController.m; sourceTree = "<group>"; };
		57842A282140BA4C006DF676 /* XYMineMainViewController.h */ = {isa = PBXFileReference; lastKnownFileType = sourcecode.c.h; path = XYMineMainViewController.h; sourceTree = "<group>"; };
		57842A292140BA4C006DF676 /* XYMineMainViewController.m */ = {isa = PBXFileReference; lastKnownFileType = sourcecode.c.objc; path = XYMineMainViewController.m; sourceTree = "<group>"; };
		57842A2C2140BB0E006DF676 /* XYNavigationViewController.m */ = {isa = PBXFileReference; fileEncoding = 4; lastKnownFileType = sourcecode.c.objc; path = XYNavigationViewController.m; sourceTree = "<group>"; };
		57842A2D2140BB0E006DF676 /* XYTabBarController.h */ = {isa = PBXFileReference; fileEncoding = 4; lastKnownFileType = sourcecode.c.h; path = XYTabBarController.h; sourceTree = "<group>"; };
		57842A2E2140BB0E006DF676 /* XYTabBarController.m */ = {isa = PBXFileReference; fileEncoding = 4; lastKnownFileType = sourcecode.c.objc; path = XYTabBarController.m; sourceTree = "<group>"; };
		57842A2F2140BB0E006DF676 /* XYNavigationViewController.h */ = {isa = PBXFileReference; fileEncoding = 4; lastKnownFileType = sourcecode.c.h; path = XYNavigationViewController.h; sourceTree = "<group>"; };
		57842A332140BB53006DF676 /* UIImage+XYColorString.h */ = {isa = PBXFileReference; fileEncoding = 4; lastKnownFileType = sourcecode.c.h; path = "UIImage+XYColorString.h"; sourceTree = "<group>"; };
		57842A342140BB53006DF676 /* UIImage+XYColorString.m */ = {isa = PBXFileReference; fileEncoding = 4; lastKnownFileType = sourcecode.c.objc; path = "UIImage+XYColorString.m"; sourceTree = "<group>"; };
		57842A362140BB66006DF676 /* ColorUtils.m */ = {isa = PBXFileReference; fileEncoding = 4; lastKnownFileType = sourcecode.c.objc; path = ColorUtils.m; sourceTree = "<group>"; };
		57842A372140BB66006DF676 /* ColorUtils.h */ = {isa = PBXFileReference; fileEncoding = 4; lastKnownFileType = sourcecode.c.h; path = ColorUtils.h; sourceTree = "<group>"; };
		57842A392140BD07006DF676 /* XYConst.h */ = {isa = PBXFileReference; lastKnownFileType = sourcecode.c.h; path = XYConst.h; sourceTree = "<group>"; };
		57842A3D2140C25C006DF676 /* XYCommonHeader.h */ = {isa = PBXFileReference; lastKnownFileType = sourcecode.c.h; path = XYCommonHeader.h; sourceTree = "<group>"; };
		82B66C0E8A022D68D174389A /* libPods-RenZhenMa.a */ = {isa = PBXFileReference; explicitFileType = archive.ar; includeInIndex = 0; path = "libPods-RenZhenMa.a"; sourceTree = BUILT_PRODUCTS_DIR; };
		8B223EC9213D638E007B8344 /* RenZhenMa.app */ = {isa = PBXFileReference; explicitFileType = wrapper.application; includeInIndex = 0; path = RenZhenMa.app; sourceTree = BUILT_PRODUCTS_DIR; };
		8B223ECC213D638E007B8344 /* AppDelegate.h */ = {isa = PBXFileReference; lastKnownFileType = sourcecode.c.h; path = AppDelegate.h; sourceTree = "<group>"; };
		8B223ECD213D638E007B8344 /* AppDelegate.m */ = {isa = PBXFileReference; lastKnownFileType = sourcecode.c.objc; path = AppDelegate.m; sourceTree = "<group>"; };
		8B223ED3213D638E007B8344 /* Base */ = {isa = PBXFileReference; lastKnownFileType = file.storyboard; name = Base; path = Base.lproj/Main.storyboard; sourceTree = "<group>"; };
		8B223ED5213D6391007B8344 /* Assets.xcassets */ = {isa = PBXFileReference; lastKnownFileType = folder.assetcatalog; path = Assets.xcassets; sourceTree = "<group>"; };
		8B223ED8213D6391007B8344 /* Base */ = {isa = PBXFileReference; lastKnownFileType = file.storyboard; name = Base; path = Base.lproj/LaunchScreen.storyboard; sourceTree = "<group>"; };
		8B223EDA213D6391007B8344 /* Info.plist */ = {isa = PBXFileReference; lastKnownFileType = text.plist.xml; path = Info.plist; sourceTree = "<group>"; };
		8B223EDB213D6391007B8344 /* main.m */ = {isa = PBXFileReference; lastKnownFileType = sourcecode.c.objc; path = main.m; sourceTree = "<group>"; };
		8B223EE1213D6391007B8344 /* RenZhenMaTests.xctest */ = {isa = PBXFileReference; explicitFileType = wrapper.cfbundle; includeInIndex = 0; path = RenZhenMaTests.xctest; sourceTree = BUILT_PRODUCTS_DIR; };
		8B223EE5213D6391007B8344 /* RenZhenMaTests.m */ = {isa = PBXFileReference; lastKnownFileType = sourcecode.c.objc; path = RenZhenMaTests.m; sourceTree = "<group>"; };
		8B223EE7213D6391007B8344 /* Info.plist */ = {isa = PBXFileReference; lastKnownFileType = text.plist.xml; path = Info.plist; sourceTree = "<group>"; };
		8B223EEC213D6391007B8344 /* RenZhenMaUITests.xctest */ = {isa = PBXFileReference; explicitFileType = wrapper.cfbundle; includeInIndex = 0; path = RenZhenMaUITests.xctest; sourceTree = BUILT_PRODUCTS_DIR; };
		8B223EF0213D6391007B8344 /* RenZhenMaUITests.m */ = {isa = PBXFileReference; lastKnownFileType = sourcecode.c.objc; path = RenZhenMaUITests.m; sourceTree = "<group>"; };
		8B223EF2213D6391007B8344 /* Info.plist */ = {isa = PBXFileReference; lastKnownFileType = text.plist.xml; path = Info.plist; sourceTree = "<group>"; };
		8BD8B7A82144AE72005937C4 /* XYNormalWebViewController.h */ = {isa = PBXFileReference; lastKnownFileType = sourcecode.c.h; path = XYNormalWebViewController.h; sourceTree = "<group>"; };
		8BD8B7A92144AE72005937C4 /* XYNormalWebViewController.m */ = {isa = PBXFileReference; lastKnownFileType = sourcecode.c.objc; path = XYNormalWebViewController.m; sourceTree = "<group>"; };
		8BD8B7AC2144C835005937C4 /* MarqueeView.h */ = {isa = PBXFileReference; fileEncoding = 4; lastKnownFileType = sourcecode.c.h; path = MarqueeView.h; sourceTree = "<group>"; };
		8BD8B7AD2144C835005937C4 /* UIView+HHAddition.h */ = {isa = PBXFileReference; fileEncoding = 4; lastKnownFileType = sourcecode.c.h; path = "UIView+HHAddition.h"; sourceTree = "<group>"; };
		8BD8B7AE2144C835005937C4 /* UIView+HHAddition.m */ = {isa = PBXFileReference; fileEncoding = 4; lastKnownFileType = sourcecode.c.objc; path = "UIView+HHAddition.m"; sourceTree = "<group>"; };
		8BD8B7AF2144C835005937C4 /* MarqueeView.m */ = {isa = PBXFileReference; fileEncoding = 4; lastKnownFileType = sourcecode.c.objc; path = MarqueeView.m; sourceTree = "<group>"; };
		8BD8B7B22144D6D5005937C4 /* XYNotificationViewController.h */ = {isa = PBXFileReference; lastKnownFileType = sourcecode.c.h; path = XYNotificationViewController.h; sourceTree = "<group>"; };
		8BD8B7B32144D6D5005937C4 /* XYNotificationViewController.m */ = {isa = PBXFileReference; lastKnownFileType = sourcecode.c.objc; path = XYNotificationViewController.m; sourceTree = "<group>"; };
		8BD8B7B52144D74F005937C4 /* XYNotificationModel.h */ = {isa = PBXFileReference; lastKnownFileType = sourcecode.c.h; path = XYNotificationModel.h; sourceTree = "<group>"; };
		8BD8B7B62144D74F005937C4 /* XYNotificationModel.m */ = {isa = PBXFileReference; lastKnownFileType = sourcecode.c.objc; path = XYNotificationModel.m; sourceTree = "<group>"; };
		A1007A6C95200EB3A4510D0C /* Pods-RenZhenMa.release.xcconfig */ = {isa = PBXFileReference; includeInIndex = 1; lastKnownFileType = text.xcconfig; name = "Pods-RenZhenMa.release.xcconfig"; path = "Pods/Target Support Files/Pods-RenZhenMa/Pods-RenZhenMa.release.xcconfig"; sourceTree = "<group>"; };
		BC21DC872141FD410065E371 /* RXLoginViewController.h */ = {isa = PBXFileReference; lastKnownFileType = sourcecode.c.h; path = RXLoginViewController.h; sourceTree = "<group>"; };
		BC21DC882141FD410065E371 /* RXLoginViewController.m */ = {isa = PBXFileReference; lastKnownFileType = sourcecode.c.objc; path = RXLoginViewController.m; sourceTree = "<group>"; };
		BC21DC8D214203870065E371 /* RXScanCodeViewController.h */ = {isa = PBXFileReference; lastKnownFileType = sourcecode.c.h; path = RXScanCodeViewController.h; sourceTree = "<group>"; };
		BC21DC8E214203870065E371 /* RXScanCodeViewController.m */ = {isa = PBXFileReference; lastKnownFileType = sourcecode.c.objc; path = RXScanCodeViewController.m; sourceTree = "<group>"; };
		BC21DC90214204B20065E371 /* RXWarningViewController.h */ = {isa = PBXFileReference; lastKnownFileType = sourcecode.c.h; path = RXWarningViewController.h; sourceTree = "<group>"; };
		BC21DC91214204B20065E371 /* RXWarningViewController.m */ = {isa = PBXFileReference; lastKnownFileType = sourcecode.c.objc; path = RXWarningViewController.m; sourceTree = "<group>"; };
		BC21DC93214206640065E371 /* RXQueryResultViewController.h */ = {isa = PBXFileReference; lastKnownFileType = sourcecode.c.h; path = RXQueryResultViewController.h; sourceTree = "<group>"; };
		BC21DC94214206640065E371 /* RXQueryResultViewController.m */ = {isa = PBXFileReference; lastKnownFileType = sourcecode.c.objc; path = RXQueryResultViewController.m; sourceTree = "<group>"; };
		BC3460D821411CF20059E38F /* RXScanRecordModel.h */ = {isa = PBXFileReference; lastKnownFileType = sourcecode.c.h; path = RXScanRecordModel.h; sourceTree = "<group>"; };
		BC3460D921411CF20059E38F /* RXScanRecordModel.m */ = {isa = PBXFileReference; lastKnownFileType = sourcecode.c.objc; path = RXScanRecordModel.m; sourceTree = "<group>"; };
		BC3460DB21411E580059E38F /* RXFeedRecordModel.h */ = {isa = PBXFileReference; lastKnownFileType = sourcecode.c.h; path = RXFeedRecordModel.h; sourceTree = "<group>"; };
		BC3460DC21411E580059E38F /* RXFeedRecordModel.m */ = {isa = PBXFileReference; lastKnownFileType = sourcecode.c.objc; path = RXFeedRecordModel.m; sourceTree = "<group>"; };
		BC3A135F2140CEDB002F450C /* MineTableViewCell.h */ = {isa = PBXFileReference; fileEncoding = 4; lastKnownFileType = sourcecode.c.h; path = MineTableViewCell.h; sourceTree = "<group>"; };
		BC3A13602140CEDB002F450C /* MineTableViewCell.m */ = {isa = PBXFileReference; fileEncoding = 4; lastKnownFileType = sourcecode.c.objc; path = MineTableViewCell.m; sourceTree = "<group>"; };
		BC3A13632140FFBD002F450C /* RXScanRecordViewController.h */ = {isa = PBXFileReference; lastKnownFileType = sourcecode.c.h; path = RXScanRecordViewController.h; sourceTree = "<group>"; };
		BC3A13642140FFBD002F450C /* RXScanRecordViewController.m */ = {isa = PBXFileReference; lastKnownFileType = sourcecode.c.objc; path = RXScanRecordViewController.m; sourceTree = "<group>"; };
		BC3A136621410008002F450C /* RXFeedRecordViewController.h */ = {isa = PBXFileReference; lastKnownFileType = sourcecode.c.h; path = RXFeedRecordViewController.h; sourceTree = "<group>"; };
		BC3A136721410008002F450C /* RXFeedRecordViewController.m */ = {isa = PBXFileReference; lastKnownFileType = sourcecode.c.objc; path = RXFeedRecordViewController.m; sourceTree = "<group>"; };
		BC3A13692141003D002F450C /* RXIdeaFeedbackViewController.h */ = {isa = PBXFileReference; lastKnownFileType = sourcecode.c.h; path = RXIdeaFeedbackViewController.h; sourceTree = "<group>"; };
		BC3A136A2141003D002F450C /* RXIdeaFeedbackViewController.m */ = {isa = PBXFileReference; lastKnownFileType = sourcecode.c.objc; path = RXIdeaFeedbackViewController.m; sourceTree = "<group>"; };
		BC3A136C2141004F002F450C /* RXSettingViewController.h */ = {isa = PBXFileReference; lastKnownFileType = sourcecode.c.h; path = RXSettingViewController.h; sourceTree = "<group>"; };
		BC3A136D2141004F002F450C /* RXSettingViewController.m */ = {isa = PBXFileReference; lastKnownFileType = sourcecode.c.objc; path = RXSettingViewController.m; sourceTree = "<group>"; };
		BC3A136F214104E2002F450C /* RXAboutsViewController.h */ = {isa = PBXFileReference; lastKnownFileType = sourcecode.c.h; path = RXAboutsViewController.h; sourceTree = "<group>"; };
		BC3A1370214104E2002F450C /* RXAboutsViewController.m */ = {isa = PBXFileReference; lastKnownFileType = sourcecode.c.objc; path = RXAboutsViewController.m; sourceTree = "<group>"; };
		BC3A137221410D84002F450C /* RXFeedRecordCell.h */ = {isa = PBXFileReference; lastKnownFileType = sourcecode.c.h; path = RXFeedRecordCell.h; sourceTree = "<group>"; };
		BC3A137321410D84002F450C /* RXFeedRecordCell.m */ = {isa = PBXFileReference; lastKnownFileType = sourcecode.c.objc; path = RXFeedRecordCell.m; sourceTree = "<group>"; };
		BC3A137421410D84002F450C /* RXFeedRecordCell.xib */ = {isa = PBXFileReference; lastKnownFileType = file.xib; path = RXFeedRecordCell.xib; sourceTree = "<group>"; };
		BC3A137721411567002F450C /* RXScanRecord.h */ = {isa = PBXFileReference; lastKnownFileType = sourcecode.c.h; path = RXScanRecord.h; sourceTree = "<group>"; };
		BC3A137821411567002F450C /* RXScanRecord.m */ = {isa = PBXFileReference; lastKnownFileType = sourcecode.c.objc; path = RXScanRecord.m; sourceTree = "<group>"; };
		BC3A137921411567002F450C /* RXScanRecord.xib */ = {isa = PBXFileReference; lastKnownFileType = file.xib; path = RXScanRecord.xib; sourceTree = "<group>"; };
		BCDFAC6F2144DC380096ABB6 /* RXLocationManager.h */ = {isa = PBXFileReference; lastKnownFileType = sourcecode.c.h; path = RXLocationManager.h; sourceTree = "<group>"; };
		BCDFAC702144DC380096ABB6 /* RXLocationManager.m */ = {isa = PBXFileReference; lastKnownFileType = sourcecode.c.objc; path = RXLocationManager.m; sourceTree = "<group>"; };
		BCFA4B8F214357A4000E6ACB /* XYUserInfoManager.h */ = {isa = PBXFileReference; lastKnownFileType = sourcecode.c.h; path = XYUserInfoManager.h; sourceTree = "<group>"; };
		BCFA4B90214357A4000E6ACB /* XYUserInfoManager.m */ = {isa = PBXFileReference; lastKnownFileType = sourcecode.c.objc; path = XYUserInfoManager.m; sourceTree = "<group>"; };
		BCFA4B9221435806000E6ACB /* XYUserInfoModel.h */ = {isa = PBXFileReference; lastKnownFileType = sourcecode.c.h; path = XYUserInfoModel.h; sourceTree = "<group>"; };
		BCFA4B9321435806000E6ACB /* XYUserInfoModel.m */ = {isa = PBXFileReference; lastKnownFileType = sourcecode.c.objc; path = XYUserInfoModel.m; sourceTree = "<group>"; };
		BCFA4B9921435F36000E6ACB /* XYNetworkManager.h */ = {isa = PBXFileReference; lastKnownFileType = sourcecode.c.h; path = XYNetworkManager.h; sourceTree = "<group>"; };
		BCFA4B9A21435F36000E6ACB /* XYNetworkManager.m */ = {isa = PBXFileReference; lastKnownFileType = sourcecode.c.objc; path = XYNetworkManager.m; sourceTree = "<group>"; };
		BCFA4B9F2143752C000E6ACB /* NSString+MD5.h */ = {isa = PBXFileReference; lastKnownFileType = sourcecode.c.h; path = "NSString+MD5.h"; sourceTree = "<group>"; };
		BCFA4BA02143752C000E6ACB /* NSString+MD5.m */ = {isa = PBXFileReference; lastKnownFileType = sourcecode.c.objc; path = "NSString+MD5.m"; sourceTree = "<group>"; };
		BCFA4BA32143CD54000E6ACB /* XYProductInfoModel.h */ = {isa = PBXFileReference; lastKnownFileType = sourcecode.c.h; path = XYProductInfoModel.h; sourceTree = "<group>"; };
		BCFA4BA42143CD54000E6ACB /* XYProductInfoModel.m */ = {isa = PBXFileReference; lastKnownFileType = sourcecode.c.objc; path = XYProductInfoModel.m; sourceTree = "<group>"; };
		BCFA4BA62143CD70000E6ACB /* XYGoodModel.h */ = {isa = PBXFileReference; lastKnownFileType = sourcecode.c.h; path = XYGoodModel.h; sourceTree = "<group>"; };
		BCFA4BA72143CD70000E6ACB /* XYGoodModel.m */ = {isa = PBXFileReference; lastKnownFileType = sourcecode.c.objc; path = XYGoodModel.m; sourceTree = "<group>"; };
		BCFA4BA92143CDBE000E6ACB /* XYGooddDataModel.h */ = {isa = PBXFileReference; lastKnownFileType = sourcecode.c.h; path = XYGooddDataModel.h; sourceTree = "<group>"; };
		BCFA4BAA2143CDBE000E6ACB /* XYGooddDataModel.m */ = {isa = PBXFileReference; lastKnownFileType = sourcecode.c.objc; path = XYGooddDataModel.m; sourceTree = "<group>"; };
		BCFA4BAC2143CDF8000E6ACB /* XYScanInfoModel.h */ = {isa = PBXFileReference; lastKnownFileType = sourcecode.c.h; path = XYScanInfoModel.h; sourceTree = "<group>"; };
		BCFA4BAD2143CDF8000E6ACB /* XYScanInfoModel.m */ = {isa = PBXFileReference; lastKnownFileType = sourcecode.c.objc; path = XYScanInfoModel.m; sourceTree = "<group>"; };
		BCFA4BAF2143F9ED000E6ACB /* XYProgressHUD.h */ = {isa = PBXFileReference; lastKnownFileType = sourcecode.c.h; path = XYProgressHUD.h; sourceTree = "<group>"; };
		BCFA4BB02143F9ED000E6ACB /* XYProgressHUD.m */ = {isa = PBXFileReference; lastKnownFileType = sourcecode.c.objc; path = XYProgressHUD.m; sourceTree = "<group>"; };
		BCFA4BB2214404EF000E6ACB /* UIButton+CountDown.h */ = {isa = PBXFileReference; lastKnownFileType = sourcecode.c.h; path = "UIButton+CountDown.h"; sourceTree = "<group>"; };
		BCFA4BB3214404EF000E6ACB /* UIButton+CountDown.m */ = {isa = PBXFileReference; lastKnownFileType = sourcecode.c.objc; path = "UIButton+CountDown.m"; sourceTree = "<group>"; };
		E934B21F13BD7DB3050D0A85 /* Pods-RenZhenMa.debug.xcconfig */ = {isa = PBXFileReference; includeInIndex = 1; lastKnownFileType = text.xcconfig; name = "Pods-RenZhenMa.debug.xcconfig"; path = "Pods/Target Support Files/Pods-RenZhenMa/Pods-RenZhenMa.debug.xcconfig"; sourceTree = "<group>"; };
/* End PBXFileReference section */

/* Begin PBXFrameworksBuildPhase section */
		8B223EC6213D638D007B8344 /* Frameworks */ = {
			isa = PBXFrameworksBuildPhase;
			buildActionMask = 2147483647;
			files = (
				BB51024A52E190CCBF05BAC5 /* libPods-RenZhenMa.a in Frameworks */,
			);
			runOnlyForDeploymentPostprocessing = 0;
		};
		8B223EDE213D6391007B8344 /* Frameworks */ = {
			isa = PBXFrameworksBuildPhase;
			buildActionMask = 2147483647;
			files = (
			);
			runOnlyForDeploymentPostprocessing = 0;
		};
		8B223EE9213D6391007B8344 /* Frameworks */ = {
			isa = PBXFrameworksBuildPhase;
			buildActionMask = 2147483647;
			files = (
			);
			runOnlyForDeploymentPostprocessing = 0;
		};
/* End PBXFrameworksBuildPhase section */

/* Begin PBXGroup section */
		3F0379AC221F3987E93F7337 /* Frameworks */ = {
			isa = PBXGroup;
			children = (
				82B66C0E8A022D68D174389A /* libPods-RenZhenMa.a */,
			);
			name = Frameworks;
			sourceTree = "<group>";
		};
		4C36EEFE5FCF64EE1CF7853C /* Pods */ = {
			isa = PBXGroup;
			children = (
				E934B21F13BD7DB3050D0A85 /* Pods-RenZhenMa.debug.xcconfig */,
				A1007A6C95200EB3A4510D0C /* Pods-RenZhenMa.release.xcconfig */,
			);
			name = Pods;
			sourceTree = "<group>";
		};
		57756AFA21421122007A9B02 /* View */ = {
			isa = PBXGroup;
			children = (
				57756AFB21421151007A9B02 /* XYZQRScanView.h */,
				57756AFC21421151007A9B02 /* XYZQRScanView.m */,
				57756B10214221FD007A9B02 /* RXResultInfoCell.h */,
				57756B11214221FE007A9B02 /* RXResultInfoCell.m */,
				57756B13214221FE007A9B02 /* RXResultInfoCell.xib */,
				57756B0F214221FD007A9B02 /* RXResultPersonCell.h */,
				57756B12214221FE007A9B02 /* RXResultPersonCell.m */,
				57756B0E214221FD007A9B02 /* RXResultPersonCell.xib */,
				57756B5221425B52007A9B02 /* RippleAnimationView.h */,
				57756B5321425B52007A9B02 /* RippleAnimationView.m */,
			);
			path = View;
			sourceTree = "<group>";
		};
		57842A182140B982006DF676 /* Main */ = {
			isa = PBXGroup;
			children = (
				BCFA4B8E2143578C000E6ACB /* Model */,
				57842A1E2140B9D9006DF676 /* Controller */,
				57842A392140BD07006DF676 /* XYConst.h */,
				57842A3D2140C25C006DF676 /* XYCommonHeader.h */,
			);
			path = Main;
			sourceTree = "<group>";
		};
		57842A192140B98E006DF676 /* Classes */ = {
			isa = PBXGroup;
			children = (
				57842A182140B982006DF676 /* Main */,
				BC21DC862141FD320065E371 /* Login */,
				57842A1A2140B9CF006DF676 /* Scan */,
				57842A1F2140B9E3006DF676 /* Mine */,
				BC3A134D2140C9A3002F450C /* Tool */,
				57842A322140BB3C006DF676 /* Extension */,
				57842A232140B9F1006DF676 /* AppDelegate */,
				57842A242140BA06006DF676 /* Source */,
			);
			path = Classes;
			sourceTree = "<group>";
		};
		57842A1A2140B9CF006DF676 /* Scan */ = {
			isa = PBXGroup;
			children = (
				BCFA4BA22143CD27000E6ACB /* Model */,
				57756AFA21421122007A9B02 /* View */,
				57842A1B2140B9CF006DF676 /* Controller */,
			);
			path = Scan;
			sourceTree = "<group>";
		};
		57842A1B2140B9CF006DF676 /* Controller */ = {
			isa = PBXGroup;
			children = (
				57842A252140BA39006DF676 /* XYScanMainViewController.h */,
				57842A262140BA39006DF676 /* XYScanMainViewController.m */,
				BC21DC8D214203870065E371 /* RXScanCodeViewController.h */,
				BC21DC8E214203870065E371 /* RXScanCodeViewController.m */,
				BC21DC90214204B20065E371 /* RXWarningViewController.h */,
				BC21DC91214204B20065E371 /* RXWarningViewController.m */,
				BC21DC93214206640065E371 /* RXQueryResultViewController.h */,
				BC21DC94214206640065E371 /* RXQueryResultViewController.m */,
				57756AFE2142130F007A9B02 /* XYShowScanViewController.h */,
				57756AFF2142130F007A9B02 /* XYShowScanViewController.m */,
				8BD8B7B22144D6D5005937C4 /* XYNotificationViewController.h */,
				8BD8B7B32144D6D5005937C4 /* XYNotificationViewController.m */,
			);
			path = Controller;
			sourceTree = "<group>";
		};
		57842A1E2140B9D9006DF676 /* Controller */ = {
			isa = PBXGroup;
			children = (
				57842A2F2140BB0E006DF676 /* XYNavigationViewController.h */,
				57842A2C2140BB0E006DF676 /* XYNavigationViewController.m */,
				57842A2D2140BB0E006DF676 /* XYTabBarController.h */,
				57842A2E2140BB0E006DF676 /* XYTabBarController.m */,
			);
			path = Controller;
			sourceTree = "<group>";
		};
		57842A1F2140B9E3006DF676 /* Mine */ = {
			isa = PBXGroup;
			children = (
				BC3460D721411C830059E38F /* Model */,
				57842A202140B9E3006DF676 /* Controller */,
				BC3A135E2140CED4002F450C /* View */,
			);
			path = Mine;
			sourceTree = "<group>";
		};
		57842A202140B9E3006DF676 /* Controller */ = {
			isa = PBXGroup;
			children = (
				57842A282140BA4C006DF676 /* XYMineMainViewController.h */,
				57842A292140BA4C006DF676 /* XYMineMainViewController.m */,
				BC3A13632140FFBD002F450C /* RXScanRecordViewController.h */,
				BC3A13642140FFBD002F450C /* RXScanRecordViewController.m */,
				BC3A136621410008002F450C /* RXFeedRecordViewController.h */,
				BC3A136721410008002F450C /* RXFeedRecordViewController.m */,
				BC3A13692141003D002F450C /* RXIdeaFeedbackViewController.h */,
				BC3A136A2141003D002F450C /* RXIdeaFeedbackViewController.m */,
				BC3A136C2141004F002F450C /* RXSettingViewController.h */,
				BC3A136D2141004F002F450C /* RXSettingViewController.m */,
				BC3A136F214104E2002F450C /* RXAboutsViewController.h */,
				BC3A1370214104E2002F450C /* RXAboutsViewController.m */,
			);
			path = Controller;
			sourceTree = "<group>";
		};
		57842A232140B9F1006DF676 /* AppDelegate */ = {
			isa = PBXGroup;
			children = (
				8B223ECC213D638E007B8344 /* AppDelegate.h */,
				8B223ECD213D638E007B8344 /* AppDelegate.m */,
			);
			path = AppDelegate;
			sourceTree = "<group>";
		};
		57842A242140BA06006DF676 /* Source */ = {
			isa = PBXGroup;
			children = (
				8B223ED2213D638E007B8344 /* Main.storyboard */,
				8B223ED5213D6391007B8344 /* Assets.xcassets */,
				8B223ED7213D6391007B8344 /* LaunchScreen.storyboard */,
				8B223EDA213D6391007B8344 /* Info.plist */,
				8B223EDB213D6391007B8344 /* main.m */,
			);
			name = Source;
			sourceTree = "<group>";
		};
		57842A322140BB3C006DF676 /* Extension */ = {
			isa = PBXGroup;
			children = (
				57842A372140BB66006DF676 /* ColorUtils.h */,
				57842A362140BB66006DF676 /* ColorUtils.m */,
				57842A332140BB53006DF676 /* UIImage+XYColorString.h */,
				57842A342140BB53006DF676 /* UIImage+XYColorString.m */,
				BCFA4B9F2143752C000E6ACB /* NSString+MD5.h */,
				BCFA4BA02143752C000E6ACB /* NSString+MD5.m */,
				BCFA4BB2214404EF000E6ACB /* UIButton+CountDown.h */,
				BCFA4BB3214404EF000E6ACB /* UIButton+CountDown.m */,
			);
			path = Extension;
			sourceTree = "<group>";
		};
		8B223EC0213D638D007B8344 = {
			isa = PBXGroup;
			children = (
				8B223ECB213D638E007B8344 /* RenZhenMa */,
				8B223EE4213D6391007B8344 /* RenZhenMaTests */,
				8B223EEF213D6391007B8344 /* RenZhenMaUITests */,
				8B223ECA213D638E007B8344 /* Products */,
				4C36EEFE5FCF64EE1CF7853C /* Pods */,
				3F0379AC221F3987E93F7337 /* Frameworks */,
			);
			sourceTree = "<group>";
		};
		8B223ECA213D638E007B8344 /* Products */ = {
			isa = PBXGroup;
			children = (
				8B223EC9213D638E007B8344 /* RenZhenMa.app */,
				8B223EE1213D6391007B8344 /* RenZhenMaTests.xctest */,
				8B223EEC213D6391007B8344 /* RenZhenMaUITests.xctest */,
			);
			name = Products;
			sourceTree = "<group>";
		};
		8B223ECB213D638E007B8344 /* RenZhenMa */ = {
			isa = PBXGroup;
			children = (
				57842A192140B98E006DF676 /* Classes */,
			);
			path = RenZhenMa;
			sourceTree = "<group>";
		};
		8B223EE4213D6391007B8344 /* RenZhenMaTests */ = {
			isa = PBXGroup;
			children = (
				8B223EE5213D6391007B8344 /* RenZhenMaTests.m */,
				8B223EE7213D6391007B8344 /* Info.plist */,
			);
			path = RenZhenMaTests;
			sourceTree = "<group>";
		};
		8B223EEF213D6391007B8344 /* RenZhenMaUITests */ = {
			isa = PBXGroup;
			children = (
				8B223EF0213D6391007B8344 /* RenZhenMaUITests.m */,
				8B223EF2213D6391007B8344 /* Info.plist */,
			);
			path = RenZhenMaUITests;
			sourceTree = "<group>";
		};
		8BD8B7AB2144C835005937C4 /* Marquee */ = {
			isa = PBXGroup;
			children = (
				8BD8B7AC2144C835005937C4 /* MarqueeView.h */,
				8BD8B7AF2144C835005937C4 /* MarqueeView.m */,
				8BD8B7AD2144C835005937C4 /* UIView+HHAddition.h */,
				8BD8B7AE2144C835005937C4 /* UIView+HHAddition.m */,
			);
			path = Marquee;
			sourceTree = "<group>";
		};
		BC21DC862141FD320065E371 /* Login */ = {
			isa = PBXGroup;
			children = (
				BC21DC872141FD410065E371 /* RXLoginViewController.h */,
				BC21DC882141FD410065E371 /* RXLoginViewController.m */,
				8BD8B7A82144AE72005937C4 /* XYNormalWebViewController.h */,
				8BD8B7A92144AE72005937C4 /* XYNormalWebViewController.m */,
			);
			path = Login;
			sourceTree = "<group>";
		};
		BC3460D721411C830059E38F /* Model */ = {
			isa = PBXGroup;
			children = (
				BC3460D821411CF20059E38F /* RXScanRecordModel.h */,
				BC3460D921411CF20059E38F /* RXScanRecordModel.m */,
				BC3460DB21411E580059E38F /* RXFeedRecordModel.h */,
				BC3460DC21411E580059E38F /* RXFeedRecordModel.m */,
			);
			path = Model;
			sourceTree = "<group>";
		};
		BC3A134D2140C9A3002F450C /* Tool */ = {
			isa = PBXGroup;
			children = (
				8BD8B7AB2144C835005937C4 /* Marquee */,
				BCFA4B9521435ED8000E6ACB /* XYNetworking */,
				BCFA4BAF2143F9ED000E6ACB /* XYProgressHUD.h */,
				BCFA4BB02143F9ED000E6ACB /* XYProgressHUD.m */,
			);
			path = Tool;
			sourceTree = "<group>";
		};
		BC3A135E2140CED4002F450C /* View */ = {
			isa = PBXGroup;
			children = (
				BC3A135F2140CEDB002F450C /* MineTableViewCell.h */,
				BC3A13602140CEDB002F450C /* MineTableViewCell.m */,
				BC3A137721411567002F450C /* RXScanRecord.h */,
				BC3A137821411567002F450C /* RXScanRecord.m */,
				BC3A137921411567002F450C /* RXScanRecord.xib */,
				BC3A137221410D84002F450C /* RXFeedRecordCell.h */,
				BC3A137321410D84002F450C /* RXFeedRecordCell.m */,
				BC3A137421410D84002F450C /* RXFeedRecordCell.xib */,
			);
			path = View;
			sourceTree = "<group>";
		};
		BCFA4B8E2143578C000E6ACB /* Model */ = {
			isa = PBXGroup;
			children = (
				BCFA4B8F214357A4000E6ACB /* XYUserInfoManager.h */,
				BCFA4B90214357A4000E6ACB /* XYUserInfoManager.m */,
				BCFA4B9221435806000E6ACB /* XYUserInfoModel.h */,
				BCFA4B9321435806000E6ACB /* XYUserInfoModel.m */,
			);
			path = Model;
			sourceTree = "<group>";
		};
		BCFA4B9521435ED8000E6ACB /* XYNetworking */ = {
			isa = PBXGroup;
			children = (
				BCFA4B9921435F36000E6ACB /* XYNetworkManager.h */,
				BCFA4B9A21435F36000E6ACB /* XYNetworkManager.m */,
				BCDFAC6F2144DC380096ABB6 /* RXLocationManager.h */,
				BCDFAC702144DC380096ABB6 /* RXLocationManager.m */,
			);
			path = XYNetworking;
			sourceTree = "<group>";
		};
		BCFA4BA22143CD27000E6ACB /* Model */ = {
			isa = PBXGroup;
			children = (
				BCFA4BA32143CD54000E6ACB /* XYProductInfoModel.h */,
				BCFA4BA42143CD54000E6ACB /* XYProductInfoModel.m */,
				BCFA4BA62143CD70000E6ACB /* XYGoodModel.h */,
				BCFA4BA72143CD70000E6ACB /* XYGoodModel.m */,
				BCFA4BA92143CDBE000E6ACB /* XYGooddDataModel.h */,
				BCFA4BAA2143CDBE000E6ACB /* XYGooddDataModel.m */,
				BCFA4BAC2143CDF8000E6ACB /* XYScanInfoModel.h */,
				BCFA4BAD2143CDF8000E6ACB /* XYScanInfoModel.m */,
				8BD8B7B52144D74F005937C4 /* XYNotificationModel.h */,
				8BD8B7B62144D74F005937C4 /* XYNotificationModel.m */,
			);
			path = Model;
			sourceTree = "<group>";
		};
/* End PBXGroup section */

/* Begin PBXNativeTarget section */
		8B223EC8213D638D007B8344 /* RenZhenMa */ = {
			isa = PBXNativeTarget;
			buildConfigurationList = 8B223EF5213D6391007B8344 /* Build configuration list for PBXNativeTarget "RenZhenMa" */;
			buildPhases = (
				D341371CE27F7DDB59A95976 /* [CP] Check Pods Manifest.lock */,
				8B223EC5213D638D007B8344 /* Sources */,
				8B223EC6213D638D007B8344 /* Frameworks */,
				8B223EC7213D638D007B8344 /* Resources */,
				C1BAF9C061F28A8B99B97171 /* [CP] Copy Pods Resources */,
			);
			buildRules = (
			);
			dependencies = (
			);
			name = RenZhenMa;
			productName = RenZhenMa;
			productReference = 8B223EC9213D638E007B8344 /* RenZhenMa.app */;
			productType = "com.apple.product-type.application";
		};
		8B223EE0213D6391007B8344 /* RenZhenMaTests */ = {
			isa = PBXNativeTarget;
			buildConfigurationList = 8B223EF8213D6391007B8344 /* Build configuration list for PBXNativeTarget "RenZhenMaTests" */;
			buildPhases = (
				8B223EDD213D6391007B8344 /* Sources */,
				8B223EDE213D6391007B8344 /* Frameworks */,
				8B223EDF213D6391007B8344 /* Resources */,
			);
			buildRules = (
			);
			dependencies = (
				8B223EE3213D6391007B8344 /* PBXTargetDependency */,
			);
			name = RenZhenMaTests;
			productName = RenZhenMaTests;
			productReference = 8B223EE1213D6391007B8344 /* RenZhenMaTests.xctest */;
			productType = "com.apple.product-type.bundle.unit-test";
		};
		8B223EEB213D6391007B8344 /* RenZhenMaUITests */ = {
			isa = PBXNativeTarget;
			buildConfigurationList = 8B223EFB213D6391007B8344 /* Build configuration list for PBXNativeTarget "RenZhenMaUITests" */;
			buildPhases = (
				8B223EE8213D6391007B8344 /* Sources */,
				8B223EE9213D6391007B8344 /* Frameworks */,
				8B223EEA213D6391007B8344 /* Resources */,
			);
			buildRules = (
			);
			dependencies = (
				8B223EEE213D6391007B8344 /* PBXTargetDependency */,
			);
			name = RenZhenMaUITests;
			productName = RenZhenMaUITests;
			productReference = 8B223EEC213D6391007B8344 /* RenZhenMaUITests.xctest */;
			productType = "com.apple.product-type.bundle.ui-testing";
		};
/* End PBXNativeTarget section */

/* Begin PBXProject section */
		8B223EC1213D638D007B8344 /* Project object */ = {
			isa = PBXProject;
			attributes = {
				LastUpgradeCheck = 0940;
				ORGANIZATIONNAME = "李瑞星";
				TargetAttributes = {
					8B223EC8213D638D007B8344 = {
						CreatedOnToolsVersion = 9.4.1;
					};
					8B223EE0213D6391007B8344 = {
						CreatedOnToolsVersion = 9.4.1;
						TestTargetID = 8B223EC8213D638D007B8344;
					};
					8B223EEB213D6391007B8344 = {
						CreatedOnToolsVersion = 9.4.1;
						TestTargetID = 8B223EC8213D638D007B8344;
					};
				};
			};
			buildConfigurationList = 8B223EC4213D638D007B8344 /* Build configuration list for PBXProject "RenZhenMa" */;
			compatibilityVersion = "Xcode 9.3";
			developmentRegion = en;
			hasScannedForEncodings = 0;
			knownRegions = (
				en,
				Base,
			);
			mainGroup = 8B223EC0213D638D007B8344;
			productRefGroup = 8B223ECA213D638E007B8344 /* Products */;
			projectDirPath = "";
			projectRoot = "";
			targets = (
				8B223EC8213D638D007B8344 /* RenZhenMa */,
				8B223EE0213D6391007B8344 /* RenZhenMaTests */,
				8B223EEB213D6391007B8344 /* RenZhenMaUITests */,
			);
		};
/* End PBXProject section */

/* Begin PBXResourcesBuildPhase section */
		8B223EC7213D638D007B8344 /* Resources */ = {
			isa = PBXResourcesBuildPhase;
			buildActionMask = 2147483647;
			files = (
				57756B17214221FE007A9B02 /* RXResultInfoCell.xib in Resources */,
				8B223ED9213D6391007B8344 /* LaunchScreen.storyboard in Resources */,
				57756B14214221FE007A9B02 /* RXResultPersonCell.xib in Resources */,
				BC3A137B21411567002F450C /* RXScanRecord.xib in Resources */,
				8B223ED6213D6391007B8344 /* Assets.xcassets in Resources */,
				BC3A137621410D84002F450C /* RXFeedRecordCell.xib in Resources */,
				8B223ED4213D638E007B8344 /* Main.storyboard in Resources */,
			);
			runOnlyForDeploymentPostprocessing = 0;
		};
		8B223EDF213D6391007B8344 /* Resources */ = {
			isa = PBXResourcesBuildPhase;
			buildActionMask = 2147483647;
			files = (
			);
			runOnlyForDeploymentPostprocessing = 0;
		};
		8B223EEA213D6391007B8344 /* Resources */ = {
			isa = PBXResourcesBuildPhase;
			buildActionMask = 2147483647;
			files = (
			);
			runOnlyForDeploymentPostprocessing = 0;
		};
/* End PBXResourcesBuildPhase section */

/* Begin PBXShellScriptBuildPhase section */
		C1BAF9C061F28A8B99B97171 /* [CP] Copy Pods Resources */ = {
			isa = PBXShellScriptBuildPhase;
			buildActionMask = 2147483647;
			files = (
			);
			inputPaths = (
				"${SRCROOT}/Pods/Target Support Files/Pods-RenZhenMa/Pods-RenZhenMa-resources.sh",
				"${PODS_ROOT}/MJRefresh/MJRefresh/MJRefresh.bundle",
				"${PODS_ROOT}/SVProgressHUD/SVProgressHUD/SVProgressHUD.bundle",
			);
			name = "[CP] Copy Pods Resources";
			outputPaths = (
				"${TARGET_BUILD_DIR}/${UNLOCALIZED_RESOURCES_FOLDER_PATH}/MJRefresh.bundle",
				"${TARGET_BUILD_DIR}/${UNLOCALIZED_RESOURCES_FOLDER_PATH}/SVProgressHUD.bundle",
			);
			runOnlyForDeploymentPostprocessing = 0;
			shellPath = /bin/sh;
			shellScript = "\"${SRCROOT}/Pods/Target Support Files/Pods-RenZhenMa/Pods-RenZhenMa-resources.sh\"\n";
			showEnvVarsInLog = 0;
		};
		D341371CE27F7DDB59A95976 /* [CP] Check Pods Manifest.lock */ = {
			isa = PBXShellScriptBuildPhase;
			buildActionMask = 2147483647;
			files = (
			);
			inputPaths = (
				"${PODS_PODFILE_DIR_PATH}/Podfile.lock",
				"${PODS_ROOT}/Manifest.lock",
			);
			name = "[CP] Check Pods Manifest.lock";
			outputPaths = (
				"$(DERIVED_FILE_DIR)/Pods-RenZhenMa-checkManifestLockResult.txt",
			);
			runOnlyForDeploymentPostprocessing = 0;
			shellPath = /bin/sh;
			shellScript = "diff \"${PODS_PODFILE_DIR_PATH}/Podfile.lock\" \"${PODS_ROOT}/Manifest.lock\" > /dev/null\nif [ $? != 0 ] ; then\n    # print error to STDERR\n    echo \"error: The sandbox is not in sync with the Podfile.lock. Run 'pod install' or update your CocoaPods installation.\" >&2\n    exit 1\nfi\n# This output is used by Xcode 'outputs' to avoid re-running this script phase.\necho \"SUCCESS\" > \"${SCRIPT_OUTPUT_FILE_0}\"\n";
			showEnvVarsInLog = 0;
		};
/* End PBXShellScriptBuildPhase section */

/* Begin PBXSourcesBuildPhase section */
		8B223EC5213D638D007B8344 /* Sources */ = {
			isa = PBXSourcesBuildPhase;
			buildActionMask = 2147483647;
			files = (
				BC3A136B2141003D002F450C /* RXIdeaFeedbackViewController.m in Sources */,
				BCFA4BB12143F9ED000E6ACB /* XYProgressHUD.m in Sources */,
				BCDFAC712144DC380096ABB6 /* RXLocationManager.m in Sources */,
				BC3A13612140CEDB002F450C /* MineTableViewCell.m in Sources */,
				57756B15214221FE007A9B02 /* RXResultInfoCell.m in Sources */,
				BCFA4BA82143CD70000E6ACB /* XYGoodModel.m in Sources */,
				BC3A136821410008002F450C /* RXFeedRecordViewController.m in Sources */,
				57756B002142130F007A9B02 /* XYShowScanViewController.m in Sources */,
				BCFA4B91214357A4000E6ACB /* XYUserInfoManager.m in Sources */,
				57842A312140BB0E006DF676 /* XYTabBarController.m in Sources */,
				57842A352140BB53006DF676 /* UIImage+XYColorString.m in Sources */,
				BC3A137A21411567002F450C /* RXScanRecord.m in Sources */,
				8BD8B7B12144C835005937C4 /* MarqueeView.m in Sources */,
				BC21DC92214204B20065E371 /* RXWarningViewController.m in Sources */,
				8BD8B7B02144C835005937C4 /* UIView+HHAddition.m in Sources */,
				8B223EDC213D6391007B8344 /* main.m in Sources */,
				BC3A136E2141004F002F450C /* RXSettingViewController.m in Sources */,
				8B223ECE213D638E007B8344 /* AppDelegate.m in Sources */,
				57842A302140BB0E006DF676 /* XYNavigationViewController.m in Sources */,
				57842A272140BA39006DF676 /* XYScanMainViewController.m in Sources */,
				57756AFD21421151007A9B02 /* XYZQRScanView.m in Sources */,
				BC3A1371214104E2002F450C /* RXAboutsViewController.m in Sources */,
				8BD8B7AA2144AE72005937C4 /* XYNormalWebViewController.m in Sources */,
				BCFA4BA12143752C000E6ACB /* NSString+MD5.m in Sources */,
				BC21DC8F214203870065E371 /* RXScanCodeViewController.m in Sources */,
				BCFA4BB4214404EF000E6ACB /* UIButton+CountDown.m in Sources */,
				8BD8B7B72144D74F005937C4 /* XYNotificationModel.m in Sources */,
				BC21DC95214206640065E371 /* RXQueryResultViewController.m in Sources */,
				BC3460DD21411E580059E38F /* RXFeedRecordModel.m in Sources */,
				BCFA4B9421435806000E6ACB /* XYUserInfoModel.m in Sources */,
				BC3A137521410D84002F450C /* RXFeedRecordCell.m in Sources */,
				BC3A13652140FFBD002F450C /* RXScanRecordViewController.m in Sources */,
				BCFA4BAE2143CDF8000E6ACB /* XYScanInfoModel.m in Sources */,
				BC21DC892141FD410065E371 /* RXLoginViewController.m in Sources */,
				BCFA4B9B21435F36000E6ACB /* XYNetworkManager.m in Sources */,
				BC3460DA21411CF20059E38F /* RXScanRecordModel.m in Sources */,
				57842A2A2140BA4C006DF676 /* XYMineMainViewController.m in Sources */,
				57842A382140BB67006DF676 /* ColorUtils.m in Sources */,
				57756B16214221FE007A9B02 /* RXResultPersonCell.m in Sources */,
				BCFA4BA52143CD54000E6ACB /* XYProductInfoModel.m in Sources */,
				BCFA4BAB2143CDBE000E6ACB /* XYGooddDataModel.m in Sources */,
				8BD8B7B42144D6D5005937C4 /* XYNotificationViewController.m in Sources */,
				57756B5421425B53007A9B02 /* RippleAnimationView.m in Sources */,
			);
			runOnlyForDeploymentPostprocessing = 0;
		};
		8B223EDD213D6391007B8344 /* Sources */ = {
			isa = PBXSourcesBuildPhase;
			buildActionMask = 2147483647;
			files = (
				8B223EE6213D6391007B8344 /* RenZhenMaTests.m in Sources */,
			);
			runOnlyForDeploymentPostprocessing = 0;
		};
		8B223EE8213D6391007B8344 /* Sources */ = {
			isa = PBXSourcesBuildPhase;
			buildActionMask = 2147483647;
			files = (
				8B223EF1213D6391007B8344 /* RenZhenMaUITests.m in Sources */,
			);
			runOnlyForDeploymentPostprocessing = 0;
		};
/* End PBXSourcesBuildPhase section */

/* Begin PBXTargetDependency section */
		8B223EE3213D6391007B8344 /* PBXTargetDependency */ = {
			isa = PBXTargetDependency;
			target = 8B223EC8213D638D007B8344 /* RenZhenMa */;
			targetProxy = 8B223EE2213D6391007B8344 /* PBXContainerItemProxy */;
		};
		8B223EEE213D6391007B8344 /* PBXTargetDependency */ = {
			isa = PBXTargetDependency;
			target = 8B223EC8213D638D007B8344 /* RenZhenMa */;
			targetProxy = 8B223EED213D6391007B8344 /* PBXContainerItemProxy */;
		};
/* End PBXTargetDependency section */

/* Begin PBXVariantGroup section */
		8B223ED2213D638E007B8344 /* Main.storyboard */ = {
			isa = PBXVariantGroup;
			children = (
				8B223ED3213D638E007B8344 /* Base */,
			);
			name = Main.storyboard;
			sourceTree = "<group>";
		};
		8B223ED7213D6391007B8344 /* LaunchScreen.storyboard */ = {
			isa = PBXVariantGroup;
			children = (
				8B223ED8213D6391007B8344 /* Base */,
			);
			name = LaunchScreen.storyboard;
			sourceTree = "<group>";
		};
/* End PBXVariantGroup section */

/* Begin XCBuildConfiguration section */
		8B223EF3213D6391007B8344 /* Debug */ = {
			isa = XCBuildConfiguration;
			buildSettings = {
				ALWAYS_SEARCH_USER_PATHS = NO;
				CLANG_ANALYZER_NONNULL = YES;
				CLANG_ANALYZER_NUMBER_OBJECT_CONVERSION = YES_AGGRESSIVE;
				CLANG_CXX_LANGUAGE_STANDARD = "gnu++14";
				CLANG_CXX_LIBRARY = "libc++";
				CLANG_ENABLE_MODULES = YES;
				CLANG_ENABLE_OBJC_ARC = YES;
				CLANG_ENABLE_OBJC_WEAK = YES;
				CLANG_WARN_BLOCK_CAPTURE_AUTORELEASING = YES;
				CLANG_WARN_BOOL_CONVERSION = YES;
				CLANG_WARN_COMMA = YES;
				CLANG_WARN_CONSTANT_CONVERSION = YES;
				CLANG_WARN_DEPRECATED_OBJC_IMPLEMENTATIONS = YES;
				CLANG_WARN_DIRECT_OBJC_ISA_USAGE = YES_ERROR;
				CLANG_WARN_DOCUMENTATION_COMMENTS = YES;
				CLANG_WARN_EMPTY_BODY = YES;
				CLANG_WARN_ENUM_CONVERSION = YES;
				CLANG_WARN_INFINITE_RECURSION = YES;
				CLANG_WARN_INT_CONVERSION = YES;
				CLANG_WARN_NON_LITERAL_NULL_CONVERSION = YES;
				CLANG_WARN_OBJC_IMPLICIT_RETAIN_SELF = YES;
				CLANG_WARN_OBJC_LITERAL_CONVERSION = YES;
				CLANG_WARN_OBJC_ROOT_CLASS = YES_ERROR;
				CLANG_WARN_RANGE_LOOP_ANALYSIS = YES;
				CLANG_WARN_STRICT_PROTOTYPES = YES;
				CLANG_WARN_SUSPICIOUS_MOVE = YES;
				CLANG_WARN_UNGUARDED_AVAILABILITY = YES_AGGRESSIVE;
				CLANG_WARN_UNREACHABLE_CODE = YES;
				CLANG_WARN__DUPLICATE_METHOD_MATCH = YES;
				CODE_SIGN_IDENTITY = "iPhone Developer";
				COPY_PHASE_STRIP = NO;
				DEBUG_INFORMATION_FORMAT = dwarf;
				ENABLE_STRICT_OBJC_MSGSEND = YES;
				ENABLE_TESTABILITY = YES;
				GCC_C_LANGUAGE_STANDARD = gnu11;
				GCC_DYNAMIC_NO_PIC = NO;
				GCC_NO_COMMON_BLOCKS = YES;
				GCC_OPTIMIZATION_LEVEL = 0;
				GCC_PREPROCESSOR_DEFINITIONS = (
					"DEBUG=1",
					"$(inherited)",
				);
				GCC_WARN_64_TO_32_BIT_CONVERSION = YES;
				GCC_WARN_ABOUT_RETURN_TYPE = YES_ERROR;
				GCC_WARN_UNDECLARED_SELECTOR = YES;
				GCC_WARN_UNINITIALIZED_AUTOS = YES_AGGRESSIVE;
				GCC_WARN_UNUSED_FUNCTION = YES;
				GCC_WARN_UNUSED_VARIABLE = YES;
				IPHONEOS_DEPLOYMENT_TARGET = 11.4;
				MTL_ENABLE_DEBUG_INFO = YES;
				ONLY_ACTIVE_ARCH = YES;
				SDKROOT = iphoneos;
			};
			name = Debug;
		};
		8B223EF4213D6391007B8344 /* Release */ = {
			isa = XCBuildConfiguration;
			buildSettings = {
				ALWAYS_SEARCH_USER_PATHS = NO;
				CLANG_ANALYZER_NONNULL = YES;
				CLANG_ANALYZER_NUMBER_OBJECT_CONVERSION = YES_AGGRESSIVE;
				CLANG_CXX_LANGUAGE_STANDARD = "gnu++14";
				CLANG_CXX_LIBRARY = "libc++";
				CLANG_ENABLE_MODULES = YES;
				CLANG_ENABLE_OBJC_ARC = YES;
				CLANG_ENABLE_OBJC_WEAK = YES;
				CLANG_WARN_BLOCK_CAPTURE_AUTORELEASING = YES;
				CLANG_WARN_BOOL_CONVERSION = YES;
				CLANG_WARN_COMMA = YES;
				CLANG_WARN_CONSTANT_CONVERSION = YES;
				CLANG_WARN_DEPRECATED_OBJC_IMPLEMENTATIONS = YES;
				CLANG_WARN_DIRECT_OBJC_ISA_USAGE = YES_ERROR;
				CLANG_WARN_DOCUMENTATION_COMMENTS = YES;
				CLANG_WARN_EMPTY_BODY = YES;
				CLANG_WARN_ENUM_CONVERSION = YES;
				CLANG_WARN_INFINITE_RECURSION = YES;
				CLANG_WARN_INT_CONVERSION = YES;
				CLANG_WARN_NON_LITERAL_NULL_CONVERSION = YES;
				CLANG_WARN_OBJC_IMPLICIT_RETAIN_SELF = YES;
				CLANG_WARN_OBJC_LITERAL_CONVERSION = YES;
				CLANG_WARN_OBJC_ROOT_CLASS = YES_ERROR;
				CLANG_WARN_RANGE_LOOP_ANALYSIS = YES;
				CLANG_WARN_STRICT_PROTOTYPES = YES;
				CLANG_WARN_SUSPICIOUS_MOVE = YES;
				CLANG_WARN_UNGUARDED_AVAILABILITY = YES_AGGRESSIVE;
				CLANG_WARN_UNREACHABLE_CODE = YES;
				CLANG_WARN__DUPLICATE_METHOD_MATCH = YES;
				CODE_SIGN_IDENTITY = "iPhone Developer";
				COPY_PHASE_STRIP = NO;
				DEBUG_INFORMATION_FORMAT = "dwarf-with-dsym";
				ENABLE_NS_ASSERTIONS = NO;
				ENABLE_STRICT_OBJC_MSGSEND = YES;
				GCC_C_LANGUAGE_STANDARD = gnu11;
				GCC_NO_COMMON_BLOCKS = YES;
				GCC_WARN_64_TO_32_BIT_CONVERSION = YES;
				GCC_WARN_ABOUT_RETURN_TYPE = YES_ERROR;
				GCC_WARN_UNDECLARED_SELECTOR = YES;
				GCC_WARN_UNINITIALIZED_AUTOS = YES_AGGRESSIVE;
				GCC_WARN_UNUSED_FUNCTION = YES;
				GCC_WARN_UNUSED_VARIABLE = YES;
				IPHONEOS_DEPLOYMENT_TARGET = 11.4;
				MTL_ENABLE_DEBUG_INFO = NO;
				SDKROOT = iphoneos;
				VALIDATE_PRODUCT = YES;
			};
			name = Release;
		};
		8B223EF6213D6391007B8344 /* Debug */ = {
			isa = XCBuildConfiguration;
			baseConfigurationReference = E934B21F13BD7DB3050D0A85 /* Pods-RenZhenMa.debug.xcconfig */;
			buildSettings = {
				ASSETCATALOG_COMPILER_APPICON_NAME = AppIcon;
				CODE_SIGN_STYLE = Automatic;
				DEVELOPMENT_TEAM = NJZFZ43S58;
				GCC_PRECOMPILE_PREFIX_HEADER = NO;
				GCC_PREFIX_HEADER = "";
				INFOPLIST_FILE = "$(SRCROOT)/RenZhenMa/Classes/Info.plist";
				IPHONEOS_DEPLOYMENT_TARGET = 9.0;
				LD_RUNPATH_SEARCH_PATHS = (
					"$(inherited)",
					"@executable_path/Frameworks",
				);
				PRODUCT_BUNDLE_IDENTIFIER = ios.com.RenZhenMa;
				PRODUCT_NAME = "$(TARGET_NAME)";
				TARGETED_DEVICE_FAMILY = 1;
			};
			name = Debug;
		};
		8B223EF7213D6391007B8344 /* Release */ = {
			isa = XCBuildConfiguration;
			baseConfigurationReference = A1007A6C95200EB3A4510D0C /* Pods-RenZhenMa.release.xcconfig */;
			buildSettings = {
				ASSETCATALOG_COMPILER_APPICON_NAME = AppIcon;
				CODE_SIGN_STYLE = Automatic;
				DEVELOPMENT_TEAM = NJZFZ43S58;
				GCC_PRECOMPILE_PREFIX_HEADER = NO;
				GCC_PREFIX_HEADER = "";
				INFOPLIST_FILE = "$(SRCROOT)/RenZhenMa/Classes/Info.plist";
				IPHONEOS_DEPLOYMENT_TARGET = 9.0;
				LD_RUNPATH_SEARCH_PATHS = (
					"$(inherited)",
					"@executable_path/Frameworks",
				);
				PRODUCT_BUNDLE_IDENTIFIER = ios.com.RenZhenMa;
				PRODUCT_NAME = "$(TARGET_NAME)";
				TARGETED_DEVICE_FAMILY = 1;
			};
			name = Release;
		};
		8B223EF9213D6391007B8344 /* Debug */ = {
			isa = XCBuildConfiguration;
			buildSettings = {
				BUNDLE_LOADER = "$(TEST_HOST)";
				CODE_SIGN_STYLE = Automatic;
				DEVELOPMENT_TEAM = NJZFZ43S58;
				INFOPLIST_FILE = RenZhenMaTests/Info.plist;
				LD_RUNPATH_SEARCH_PATHS = (
					"$(inherited)",
					"@executable_path/Frameworks",
					"@loader_path/Frameworks",
				);
				PRODUCT_BUNDLE_IDENTIFIER = ios.com.RenZhenMaTests;
				PRODUCT_NAME = "$(TARGET_NAME)";
				TARGETED_DEVICE_FAMILY = "1,2";
				TEST_HOST = "$(BUILT_PRODUCTS_DIR)/RenZhenMa.app/RenZhenMa";
			};
			name = Debug;
		};
		8B223EFA213D6391007B8344 /* Release */ = {
			isa = XCBuildConfiguration;
			buildSettings = {
				BUNDLE_LOADER = "$(TEST_HOST)";
				CODE_SIGN_STYLE = Automatic;
				DEVELOPMENT_TEAM = NJZFZ43S58;
				INFOPLIST_FILE = RenZhenMaTests/Info.plist;
				LD_RUNPATH_SEARCH_PATHS = (
					"$(inherited)",
					"@executable_path/Frameworks",
					"@loader_path/Frameworks",
				);
				PRODUCT_BUNDLE_IDENTIFIER = ios.com.RenZhenMaTests;
				PRODUCT_NAME = "$(TARGET_NAME)";
				TARGETED_DEVICE_FAMILY = "1,2";
				TEST_HOST = "$(BUILT_PRODUCTS_DIR)/RenZhenMa.app/RenZhenMa";
			};
			name = Release;
		};
		8B223EFC213D6391007B8344 /* Debug */ = {
			isa = XCBuildConfiguration;
			buildSettings = {
				CODE_SIGN_STYLE = Automatic;
				DEVELOPMENT_TEAM = NJZFZ43S58;
				INFOPLIST_FILE = RenZhenMaUITests/Info.plist;
				LD_RUNPATH_SEARCH_PATHS = (
					"$(inherited)",
					"@executable_path/Frameworks",
					"@loader_path/Frameworks",
				);
				PRODUCT_BUNDLE_IDENTIFIER = ios.com.RenZhenMaUITests;
				PRODUCT_NAME = "$(TARGET_NAME)";
				TARGETED_DEVICE_FAMILY = "1,2";
				TEST_TARGET_NAME = RenZhenMa;
			};
			name = Debug;
		};
		8B223EFD213D6391007B8344 /* Release */ = {
			isa = XCBuildConfiguration;
			buildSettings = {
				CODE_SIGN_STYLE = Automatic;
				DEVELOPMENT_TEAM = NJZFZ43S58;
				INFOPLIST_FILE = RenZhenMaUITests/Info.plist;
				LD_RUNPATH_SEARCH_PATHS = (
					"$(inherited)",
					"@executable_path/Frameworks",
					"@loader_path/Frameworks",
				);
				PRODUCT_BUNDLE_IDENTIFIER = ios.com.RenZhenMaUITests;
				PRODUCT_NAME = "$(TARGET_NAME)";
				TARGETED_DEVICE_FAMILY = "1,2";
				TEST_TARGET_NAME = RenZhenMa;
			};
			name = Release;
		};
/* End XCBuildConfiguration section */

/* Begin XCConfigurationList section */
		8B223EC4213D638D007B8344 /* Build configuration list for PBXProject "RenZhenMa" */ = {
			isa = XCConfigurationList;
			buildConfigurations = (
				8B223EF3213D6391007B8344 /* Debug */,
				8B223EF4213D6391007B8344 /* Release */,
			);
			defaultConfigurationIsVisible = 0;
			defaultConfigurationName = Release;
		};
		8B223EF5213D6391007B8344 /* Build configuration list for PBXNativeTarget "RenZhenMa" */ = {
			isa = XCConfigurationList;
			buildConfigurations = (
				8B223EF6213D6391007B8344 /* Debug */,
				8B223EF7213D6391007B8344 /* Release */,
			);
			defaultConfigurationIsVisible = 0;
			defaultConfigurationName = Release;
		};
		8B223EF8213D6391007B8344 /* Build configuration list for PBXNativeTarget "RenZhenMaTests" */ = {
			isa = XCConfigurationList;
			buildConfigurations = (
				8B223EF9213D6391007B8344 /* Debug */,
				8B223EFA213D6391007B8344 /* Release */,
			);
			defaultConfigurationIsVisible = 0;
			defaultConfigurationName = Release;
		};
		8B223EFB213D6391007B8344 /* Build configuration list for PBXNativeTarget "RenZhenMaUITests" */ = {
			isa = XCConfigurationList;
			buildConfigurations = (
				8B223EFC213D6391007B8344 /* Debug */,
				8B223EFD213D6391007B8344 /* Release */,
			);
			defaultConfigurationIsVisible = 0;
			defaultConfigurationName = Release;
		};
/* End XCConfigurationList section */
	};
	rootObject = 8B223EC1213D638D007B8344 /* Project object */;
}
